
Microsoft Visual Studio Solution File, Format Version 12.00
# Visual Studio Version 16
VisualStudioVersion = 16.0.33529.622
MinimumVisualStudioVersion = 10.0.40219.1
Project("{F14B399A-7131-4C87-9E4B-1186C45EF12D}") = "GISDB-Report Testing", "GISDB-Report Testing.rptproj", "{D8D7F57D-2973-4366-9AF2-B17647CD8DEE}"
EndProject
Global
	GlobalSection(SolutionConfigurationPlatforms) = preSolution
		Debug|Default = Debug|Default
		DebugLocal|Default = DebugLocal|Default
		Release|Default = Release|Default
	EndGlobalSection
	GlobalSection(ProjectConfigurationPlatforms) = postSolution
		{D8D7F57D-2973-4366-9AF2-B17647CD8DEE}.Debug|Default.ActiveCfg = Debug
		{D8D7F57D-2973-4366-9AF2-B17647CD8DEE}.Debug|Default.Build.0 = Debug
		{D8D7F57D-2973-4366-9AF2-B17647CD8DEE}.Debug|Default.Deploy.0 = Debug
		{D8D7F57D-2973-4366-9AF2-B17647CD8DEE}.DebugLocal|Default.ActiveCfg = DebugLocal
		{D8D7F57D-2973-4366-9AF2-B17647CD8DEE}.DebugLocal|Default.Build.0 = DebugLocal
		{D8D7F57D-2973-4366-9AF2-B17647CD8DEE}.Release|Default.ActiveCfg = Release
		{D8D7F57D-2973-4366-9AF2-B17647CD8DEE}.Release|Default.Build.0 = Release
		{D8D7F57D-2973-4366-9AF2-B17647CD8DEE}.Release|Default.Deploy.0 = Release
	EndGlobalSection
	GlobalSection(SolutionProperties) = preSolution
		HideSolutionNode = FALSE
	EndGlobalSection
	GlobalSection(ExtensibilityGlobals) = postSolution
		SolutionGuid = {073D4FFA-5960-4C15-94E3-7FCB8C6E3482}
	EndGlobalSection
EndGlobal
